// !$*UTF8*$!
{
    archiveVersion = 1;
    classes = {
    };
    objectVersion = 56;
    objects = {

/* Begin PBXBuildFile section */
        A5D05F4C494FC685074F8DA5 /* SmartTripPlannerApp.swift in Sources */ = {isa = PBXBuildFile; fileRef = 754CA908C043565803A49B73 /* SmartTripPlannerApp.swift */; };
        E697942F1EB3B91364ECE277 /* ContentView.swift in Sources */ = {isa = PBXBuildFile; fileRef = A51862B4F2656610B22BFAA8 /* ContentView.swift */; };
        2CB3E3F1F4F7922E55239A00 /* Assets.xcassets in Resources */ = {isa = PBXBuildFile; fileRef = A5AE41D7C22F5951B591BC92 /* Assets.xcassets */; };
        82CEAE0BEE140E15028BF466 /* Preview Assets.xcassets in Resources */ = {isa = PBXBuildFile; fileRef = 8E861EDC23D1F823C4400ED2 /* Preview Assets.xcassets */; };
        CFAD27120324F6786F1776D9 /* SmartTripPlannerTests.swift in Sources */ = {isa = PBXBuildFile; fileRef = 3F0CB7B7E039B899A88C73F4 /* SmartTripPlannerTests.swift */; };
        FA27DC9EBA500C8EEF6A6F5A /* EmailServiceTests.swift in Sources */ = {isa = PBXBuildFile; fileRef = FA46D4D4774ECA181173CA67 /* EmailServiceTests.swift */; };
        8BDD914F86D5D9A6A15FBC47 /* DocumentStoreTests.swift in Sources */ = {isa = PBXBuildFile; fileRef = 4FBB552A7EACD489EB5BFF15 /* DocumentStoreTests.swift */; };
        9EA1CB71D9F6B0EB4AE81DAD /* DependencyContainer.swift in Sources */ = {isa = PBXBuildFile; fileRef = 1B3032E1F0C57DE83643D2D6 /* DependencyContainer.swift */; };
        0BCC540FF77F03DBF9D47551 /* AppEnvironment.swift in Sources */ = {isa = PBXBuildFile; fileRef = 79E5BB424A9CE924C12ECB67 /* AppEnvironment.swift */; };
        FF27AD0BFC291111A2076065 /* NavigationCoordinator.swift in Sources */ = {isa = PBXBuildFile; fileRef = 54145A5A8100FCA2E4621E90 /* NavigationCoordinator.swift */; };
        68A5A6D9871D141E5A766D5B /* Theme.swift in Sources */ = {isa = PBXBuildFile; fileRef = 6625CF10EE6DF99DDBC71F70 /* Theme.swift */; };
        8D0CB851FB4080565F418FDE /* TripsView.swift in Sources */ = {isa = PBXBuildFile; fileRef = E98B66C42C1C10E8C7F7170E /* TripsView.swift */; };
        4218F5A8D19B4357F360A12A /* PlannerView.swift in Sources */ = {isa = PBXBuildFile; fileRef = 60005F005DA4F48FE0B9ED76 /* PlannerView.swift */; };
        6F4DBEE636FD00F950FEB133 /* MapView.swift in Sources */ = {isa = PBXBuildFile; fileRef = C031EA375527ABD6AE50DFFF /* MapView.swift */; };
        8EA6B3F1907BCA82D6B16114 /* MapView+Components.swift in Sources */ = {isa = PBXBuildFile; fileRef = EEBF8431D39AD11359AEB307 /* MapView+Components.swift */; };
        F98CBD361BD05881578F646D /* MapViewSubviews.swift in Sources */ = {isa = PBXBuildFile; fileRef = 39CD6BD82B57FFF05CCF301F /* MapViewSubviews.swift */; };
        CE89381C3BEBC02676758DB2 /* PackingView.swift in Sources */ = {isa = PBXBuildFile; fileRef = 04D53D9C4880F42A37EFC8EA /* PackingView.swift */; };
        97A27F54B1A20EBF014DA3D9 /* DocsView.swift in Sources */ = {isa = PBXBuildFile; fileRef = 2568F2FB6AFC326548EBC219 /* DocsView.swift */; };
        2AAEDE9B5A73C22A5559D5FA /* SettingsView.swift in Sources */ = {isa = PBXBuildFile; fileRef = 38B7C96CCC265A5BAF76FFF5 /* SettingsView.swift */; };
        0492A6CE7A312FB927A6A549 /* WeatherService.swift in Sources */ = {isa = PBXBuildFile; fileRef = 702CF8A4A9E76F2EFA6CF06D /* WeatherService.swift */; };
        9571D17EB89C2D8A29588A0B /* MapsService.swift in Sources */ = {isa = PBXBuildFile; fileRef = ED52005B293F432CF0AF7E7D /* MapsService.swift */; };
        2E7F257D3917818B40561487 /* CalendarService.swift in Sources */ = {isa = PBXBuildFile; fileRef = EC85EFFCB0E9663505C392AC /* CalendarService.swift */; };
        44C934853319F46919819976 /* EmailService.swift in Sources */ = {isa = PBXBuildFile; fileRef = 9DD5E01284D1565986B4A2A8 /* EmailService.swift */; };
        9A04BFA5D8759B029F435484 /* ExportService.swift in Sources */ = {isa = PBXBuildFile; fileRef = 03E1C1ADD5F959D148185DC9 /* ExportService.swift */; };
        2CE2B0D307262D6C90E4E1E3 /* SyncService.swift in Sources */ = {isa = PBXBuildFile; fileRef = 7A955B03C28D472D871D0A2D /* SyncService.swift */; };
        9BB16201276DA50E3EF251C6 /* AnalyticsService.swift in Sources */ = {isa = PBXBuildFile; fileRef = 0C65F66197B8DAA3BAA4DA13 /* AnalyticsService.swift */; };
        2C8ADC6CB2FF04A20E5981C0 /* MapsModels.swift in Sources */ = {isa = PBXBuildFile; fileRef = C5BD166EED314CCC6A6631F3 /* MapsModels.swift */; };
        D8DBDB35EFA92A22C342DA24 /* MapViewModel.swift in Sources */ = {isa = PBXBuildFile; fileRef = 62BBEE334FBE0F2AF8918437 /* MapViewModel.swift */; };
        48C3C569EB286F3F92D19E6D /* DocumentStore.swift in Sources */ = {isa = PBXBuildFile; fileRef = 8E6400AF7C79C4039795626B /* DocumentStore.swift */; };
        D455FDA7D2F36427731D5A8B /* TravelReservationParser.swift in Sources */ = {isa = PBXBuildFile; fileRef = 1D8018F2F931010D0FA4AF3F /* TravelReservationParser.swift */; };
        86C4B71521D0340A17F77F00 /* GoogleSignIn in Frameworks */ = {isa = PBXBuildFile; productRef = A9D9AD2403C9DE46805328A1 /* GoogleSignIn */; };
        C32446A92A606650841E3CA3 /* GoogleSignInSwift in Frameworks */ = {isa = PBXBuildFile; productRef = AE70DBDA7672751D7B6A6439 /* GoogleSignInSwift */; };
/* End PBXBuildFile section */

/* Begin PBXContainerItemProxy section */
        30D2EE6ACB61C06E1883ECC7 /* PBXContainerItemProxy */ = {
            isa = PBXContainerItemProxy;
            containerPortal = 5AAFE7B564B768A5C964FD2D /* Project object */;
            proxyType = 1;
            remoteGlobalIDString = 38AA92CBB84FAE32E1301826;
            remoteInfo = SmartTripPlanner;
        };
/* End PBXContainerItemProxy section */

/* Begin PBXFileReference section */
        25A3EA64621AA2351B944D6A /* SmartTripPlanner.app */ = {isa = PBXFileReference; explicitFileType = wrapper.application; includeInIndex = 0; path = SmartTripPlanner.app; sourceTree = BUILT_PRODUCTS_DIR; };
        754CA908C043565803A49B73 /* SmartTripPlannerApp.swift */ = {isa = PBXFileReference; lastKnownFileType = sourcecode.swift; path = SmartTripPlannerApp.swift; sourceTree = "<group>"; };
        A51862B4F2656610B22BFAA8 /* ContentView.swift */ = {isa = PBXFileReference; lastKnownFileType = sourcecode.swift; path = ContentView.swift; sourceTree = "<group>"; };
        A5AE41D7C22F5951B591BC92 /* Assets.xcassets */ = {isa = PBXFileReference; lastKnownFileType = folder.assetcatalog; path = Assets.xcassets; sourceTree = "<group>"; };
        8E861EDC23D1F823C4400ED2 /* Preview Assets.xcassets */ = {isa = PBXFileReference; lastKnownFileType = folder.assetcatalog; path = "Preview Assets.xcassets"; sourceTree = "<group>"; };
        36370E948067CFD7FD425CD5 /* SmartTripPlannerTests.xctest */ = {isa = PBXFileReference; explicitFileType = wrapper.cfbundle; includeInIndex = 0; path = SmartTripPlannerTests.xctest; sourceTree = BUILT_PRODUCTS_DIR; };
        3F0CB7B7E039B899A88C73F4 /* SmartTripPlannerTests.swift */ = {isa = PBXFileReference; lastKnownFileType = sourcecode.swift; path = SmartTripPlannerTests.swift; sourceTree = "<group>"; };
        FA46D4D4774ECA181173CA67 /* EmailServiceTests.swift */ = {isa = PBXFileReference; lastKnownFileType = sourcecode.swift; path = EmailServiceTests.swift; sourceTree = "<group>"; };
        4FBB552A7EACD489EB5BFF15 /* DocumentStoreTests.swift */ = {isa = PBXFileReference; lastKnownFileType = sourcecode.swift; path = DocumentStoreTests.swift; sourceTree = "<group>"; };
        1B3032E1F0C57DE83643D2D6 /* DependencyContainer.swift */ = {isa = PBXFileReference; lastKnownFileType = sourcecode.swift; path = DependencyContainer.swift; sourceTree = "<group>"; };
        79E5BB424A9CE924C12ECB67 /* AppEnvironment.swift */ = {isa = PBXFileReference; lastKnownFileType = sourcecode.swift; path = AppEnvironment.swift; sourceTree = "<group>"; };
        54145A5A8100FCA2E4621E90 /* NavigationCoordinator.swift */ = {isa = PBXFileReference; lastKnownFileType = sourcecode.swift; path = NavigationCoordinator.swift; sourceTree = "<group>"; };
        6625CF10EE6DF99DDBC71F70 /* Theme.swift */ = {isa = PBXFileReference; lastKnownFileType = sourcecode.swift; path = Theme.swift; sourceTree = "<group>"; };
        E98B66C42C1C10E8C7F7170E /* TripsView.swift */ = {isa = PBXFileReference; lastKnownFileType = sourcecode.swift; path = TripsView.swift; sourceTree = "<group>"; };
        60005F005DA4F48FE0B9ED76 /* PlannerView.swift */ = {isa = PBXFileReference; lastKnownFileType = sourcecode.swift; path = PlannerView.swift; sourceTree = "<group>"; };
        C031EA375527ABD6AE50DFFF /* MapView.swift */ = {isa = PBXFileReference; lastKnownFileType = sourcecode.swift; path = MapView.swift; sourceTree = "<group>"; };
        EEBF8431D39AD11359AEB307 /* MapView+Components.swift */ = {isa = PBXFileReference; lastKnownFileType = sourcecode.swift; path = "MapView+Components.swift"; sourceTree = "<group>"; };
        39CD6BD82B57FFF05CCF301F /* MapViewSubviews.swift */ = {isa = PBXFileReference; lastKnownFileType = sourcecode.swift; path = MapViewSubviews.swift; sourceTree = "<group>"; };
        04D53D9C4880F42A37EFC8EA /* PackingView.swift */ = {isa = PBXFileReference; lastKnownFileType = sourcecode.swift; path = PackingView.swift; sourceTree = "<group>"; };
        2568F2FB6AFC326548EBC219 /* DocsView.swift */ = {isa = PBXFileReference; lastKnownFileType = sourcecode.swift; path = DocsView.swift; sourceTree = "<group>"; };
        38B7C96CCC265A5BAF76FFF5 /* SettingsView.swift */ = {isa = PBXFileReference; lastKnownFileType = sourcecode.swift; path = SettingsView.swift; sourceTree = "<group>"; };
        702CF8A4A9E76F2EFA6CF06D /* WeatherService.swift */ = {isa = PBXFileReference; lastKnownFileType = sourcecode.swift; path = WeatherService.swift; sourceTree = "<group>"; };
        ED52005B293F432CF0AF7E7D /* MapsService.swift */ = {isa = PBXFileReference; lastKnownFileType = sourcecode.swift; path = MapsService.swift; sourceTree = "<group>"; };
        EC85EFFCB0E9663505C392AC /* CalendarService.swift */ = {isa = PBXFileReference; lastKnownFileType = sourcecode.swift; path = CalendarService.swift; sourceTree = "<group>"; };
        9DD5E01284D1565986B4A2A8 /* EmailService.swift */ = {isa = PBXFileReference; lastKnownFileType = sourcecode.swift; path = EmailService.swift; sourceTree = "<group>"; };
        03E1C1ADD5F959D148185DC9 /* ExportService.swift */ = {isa = PBXFileReference; lastKnownFileType = sourcecode.swift; path = ExportService.swift; sourceTree = "<group>"; };
        7A955B03C28D472D871D0A2D /* SyncService.swift */ = {isa = PBXFileReference; lastKnownFileType = sourcecode.swift; path = SyncService.swift; sourceTree = "<group>"; };
        0C65F66197B8DAA3BAA4DA13 /* AnalyticsService.swift */ = {isa = PBXFileReference; lastKnownFileType = sourcecode.swift; path = AnalyticsService.swift; sourceTree = "<group>"; };
        C5BD166EED314CCC6A6631F3 /* MapsModels.swift */ = {isa = PBXFileReference; lastKnownFileType = sourcecode.swift; path = MapsModels.swift; sourceTree = "<group>"; };
        8E6400AF7C79C4039795626B /* DocumentStore.swift */ = {isa = PBXFileReference; lastKnownFileType = sourcecode.swift; path = DocumentStore.swift; sourceTree = "<group>"; };
        1D8018F2F931010D0FA4AF3F /* TravelReservationParser.swift */ = {isa = PBXFileReference; lastKnownFileType = sourcecode.swift; path = TravelReservationParser.swift; sourceTree = "<group>"; };
        62BBEE334FBE0F2AF8918437 /* MapViewModel.swift */ = {isa = PBXFileReference; lastKnownFileType = sourcecode.swift; path = MapViewModel.swift; sourceTree = "<group>"; };
        CBC5FAB420430E7445386243 /* SmartTripPlanner.entitlements */ = {isa = PBXFileReference; lastKnownFileType = text.plist.entitlements; path = SmartTripPlanner.entitlements; sourceTree = "<group>"; };
        6ECC15FAB11AC2723A2DB895 /* Info.plist */ = {isa = PBXFileReference; lastKnownFileType = text.plist.xml; path = Info.plist; sourceTree = "<group>"; };
/* End PBXFileReference section */

/* Begin PBXFrameworksBuildPhase section */
        79DDDDE57CEC2F8CB750D386 /* Frameworks */ = {
            isa = PBXFrameworksBuildPhase;
            buildActionMask = 2147483647;
            files = (
                86C4B71521D0340A17F77F00 /* GoogleSignIn in Frameworks */,
                C32446A92A606650841E3CA3 /* GoogleSignInSwift in Frameworks */,
            );
            runOnlyForDeploymentPostprocessing = 0;
        };
        CFD0C69BA0F101ECEE011C39 /* Frameworks */ = {
            isa = PBXFrameworksBuildPhase;
            buildActionMask = 2147483647;
            files = (
            );
            runOnlyForDeploymentPostprocessing = 0;
        };
/* End PBXFrameworksBuildPhase section */

/* Begin PBXGroup section */
        0417F56F58A86D160C553EC3 = {
            isa = PBXGroup;
            children = (
                E0CF96413AA2D61164B16AFC /* SmartTripPlanner */,
                9568315B88D630F43F9E62E5 /* SmartTripPlannerTests */,
                945DF252A92884BAB6F7C639 /* Products */,
            );
            sourceTree = "<group>";
        };
        E0CF96413AA2D61164B16AFC /* SmartTripPlanner */ = {
            isa = PBXGroup;
            children = (
                6ECC15FAB11AC2723A2DB895 /* Info.plist */,
                CBC5FAB420430E7445386243 /* SmartTripPlanner.entitlements */,
                754CA908C043565803A49B73 /* SmartTripPlannerApp.swift */,
                A51862B4F2656610B22BFAA8 /* ContentView.swift */,
                2A4FC94E9A99D9754E63FC0A /* Core */,
                B9A7ED477305EEC4B6555D93 /* Features */,
                387F0B12EB874496E34AB792 /* Services */,
                CD55E5C864B97C88F562B6ED /* UIComponents */,
                B8462285F4B14A557F4D9F48 /* DesignSystem */,
                A5AE41D7C22F5951B591BC92 /* Assets.xcassets */,
                EC53DAC69E55E02F972A3EEF /* Preview Content */,
            );
            path = SmartTripPlanner;
            sourceTree = "<group>";
        };
        9568315B88D630F43F9E62E5 /* SmartTripPlannerTests */ = {
            isa = PBXGroup;
            children = (
                3F0CB7B7E039B899A88C73F4 /* SmartTripPlannerTests.swift */,
                FA46D4D4774ECA181173CA67 /* EmailServiceTests.swift */,
                4FBB552A7EACD489EB5BFF15 /* DocumentStoreTests.swift */,
            );
            path = SmartTripPlannerTests;
            sourceTree = "<group>";
        };
        945DF252A92884BAB6F7C639 /* Products */ = {
            isa = PBXGroup;
            children = (
                25A3EA64621AA2351B944D6A /* SmartTripPlanner.app */,
                36370E948067CFD7FD425CD5 /* SmartTripPlannerTests.xctest */,
            );
            name = Products;
            sourceTree = "<group>";
        };
        2A4FC94E9A99D9754E63FC0A /* Core */ = {
            isa = PBXGroup;
            children = (
                1B3032E1F0C57DE83643D2D6 /* DependencyContainer.swift */,
                79E5BB424A9CE924C12ECB67 /* AppEnvironment.swift */,
                54145A5A8100FCA2E4621E90 /* NavigationCoordinator.swift */,
            );
            path = Core;
            sourceTree = "<group>";
        };
        B9A7ED477305EEC4B6555D93 /* Features */ = {
            isa = PBXGroup;
            children = (
                6DA8142ED65BDB341566A98D /* Trips */,
                E5C373B5391318E74881555E /* Planner */,
                A6908EBD3E39C6209C686DAF /* Map */,
                7147EC40F3B5EB188ED5E78A /* Packing */,
                6AEA0C12AF76A0B690C18E3D /* Docs */,
                C946BA9AEF0D30B632FD573F /* Settings */,
            );
            path = Features;
            sourceTree = "<group>";
        };
        387F0B12EB874496E34AB792 /* Services */ = {
            isa = PBXGroup;
            children = (
                702CF8A4A9E76F2EFA6CF06D /* WeatherService.swift */,
                ED52005B293F432CF0AF7E7D /* MapsService.swift */,
                EC85EFFCB0E9663505C392AC /* CalendarService.swift */,
                9DD5E01284D1565986B4A2A8 /* EmailService.swift */,
                03E1C1ADD5F959D148185DC9 /* ExportService.swift */,
                7A955B03C28D472D871D0A2D /* SyncService.swift */,
                8E6400AF7C79C4039795626B /* DocumentStore.swift */,
                1D8018F2F931010D0FA4AF3F /* TravelReservationParser.swift */,
                0C65F66197B8DAA3BAA4DA13 /* AnalyticsService.swift */,
                C5BD166EED314CCC6A6631F3 /* MapsModels.swift */,
            );
            path = Services;
            sourceTree = "<group>";
        };
        CD55E5C864B97C88F562B6ED /* UIComponents */ = {
            isa = PBXGroup;
            children = (
            );
            path = UIComponents;
            sourceTree = "<group>";
        };
        B8462285F4B14A557F4D9F48 /* DesignSystem */ = {
            isa = PBXGroup;
            children = (
                6625CF10EE6DF99DDBC71F70 /* Theme.swift */,
            );
            path = DesignSystem;
            sourceTree = "<group>";
        };
        EC53DAC69E55E02F972A3EEF /* Preview Content */ = {
            isa = PBXGroup;
            children = (
                8E861EDC23D1F823C4400ED2 /* Preview Assets.xcassets */,
            );
            path = "Preview Content";
            sourceTree = "<group>";
        };
        6DA8142ED65BDB341566A98D /* Trips */ = {
            isa = PBXGroup;
            children = (
                E98B66C42C1C10E8C7F7170E /* TripsView.swift */,
            );
            path = Trips;
            sourceTree = "<group>";
        };
        E5C373B5391318E74881555E /* Planner */ = {
            isa = PBXGroup;
            children = (
                60005F005DA4F48FE0B9ED76 /* PlannerView.swift */,
            );
            path = Planner;
            sourceTree = "<group>";
        };
        A6908EBD3E39C6209C686DAF /* Map */ = {
            isa = PBXGroup;
            children = (
                C031EA375527ABD6AE50DFFF /* MapView.swift */,
                EEBF8431D39AD11359AEB307 /* MapView+Components.swift */,
                39CD6BD82B57FFF05CCF301F /* MapViewSubviews.swift */,
                62BBEE334FBE0F2AF8918437 /* MapViewModel.swift */,
            );
            path = Map;
            sourceTree = "<group>";
        };
        7147EC40F3B5EB188ED5E78A /* Packing */ = {
            isa = PBXGroup;
            children = (
                04D53D9C4880F42A37EFC8EA /* PackingView.swift */,
            );
            path = Packing;
            sourceTree = "<group>";
        };
        6AEA0C12AF76A0B690C18E3D /* Docs */ = {
            isa = PBXGroup;
            children = (
                2568F2FB6AFC326548EBC219 /* DocsView.swift */,
            );
            path = Docs;
            sourceTree = "<group>";
        };
        C946BA9AEF0D30B632FD573F /* Settings */ = {
            isa = PBXGroup;
            children = (
                38B7C96CCC265A5BAF76FFF5 /* SettingsView.swift */,
            );
            path = Settings;
            sourceTree = "<group>";
        };
/* End PBXGroup section */

/* Begin PBXNativeTarget section */
        38AA92CBB84FAE32E1301826 /* SmartTripPlanner */ = {
            isa = PBXNativeTarget;
            buildConfigurationList = 21A6826171626EF1ADA2E5BB /* Build configuration list for PBXNativeTarget "SmartTripPlanner" */;
            buildPhases = (
                7F4EF153DA935D37BAC8BCB2 /* Run SwiftLint */,
                FA7759D8B215DD89213DE3FC /* Run SwiftFormat */,
                BBB00A6A3294EAFBBA00ACFA /* Sources */,
                79DDDDE57CEC2F8CB750D386 /* Frameworks */,
                DA6D01958E232FC14D0FEFF0 /* Resources */,
            );
            buildRules = (
            );
            dependencies = (
            );
            name = SmartTripPlanner;
            packageProductDependencies = (
                A9D9AD2403C9DE46805328A1 /* GoogleSignIn */,
                AE70DBDA7672751D7B6A6439 /* GoogleSignInSwift */,
            );
            productName = SmartTripPlanner;
            productReference = 25A3EA64621AA2351B944D6A /* SmartTripPlanner.app */;
            productType = "com.apple.product-type.application";
        };
        EF20A4B24FF5DF9D2905C774 /* SmartTripPlannerTests */ = {
            isa = PBXNativeTarget;
            buildConfigurationList = 11813C63915BB3335DFCC22F /* Build configuration list for PBXNativeTarget "SmartTripPlannerTests" */;
            buildPhases = (
                FB4C159B93C56EF6CEA42A31 /* Sources */,
                CFD0C69BA0F101ECEE011C39 /* Frameworks */,
                9626304193AB8B0568995147 /* Resources */,
            );
            buildRules = (
            );
            dependencies = (
                35487F17316236C7CF26B08C /* PBXTargetDependency */,
            );
            name = SmartTripPlannerTests;
            productName = SmartTripPlannerTests;
            productReference = 36370E948067CFD7FD425CD5 /* SmartTripPlannerTests.xctest */;
            productType = "com.apple.product-type.bundle.unit-test";
        };
/* End PBXNativeTarget section */

/* Begin PBXProject section */
        5AAFE7B564B768A5C964FD2D /* Project object */ = {
            isa = PBXProject;
            attributes = {
                BuildIndependentTargetsInParallel = 1;
                LastSwiftUpdateCheck = 1500;
                LastUpgradeCheck = 1500;
                TargetAttributes = {
                    38AA92CBB84FAE32E1301826 = {
                        CreatedOnToolsVersion = 15.0;
                    };
                    EF20A4B24FF5DF9D2905C774 = {
                        CreatedOnToolsVersion = 15.0;
                        TestTargetID = 38AA92CBB84FAE32E1301826;
                    };
                };
            };
            buildConfigurationList = 2559428341587857DF7FB4C9 /* Build configuration list for PBXProject "SmartTripPlanner" */;
            compatibilityVersion = "Xcode 14.0";
            developmentRegion = en;
            hasScannedForEncodings = 0;
            knownRegions = (
                en,
                Base,
            );
            mainGroup = 0417F56F58A86D160C553EC3;
            packageReferences = (
                4283CF12AF6EC1F84FB914A3 /* XCRemoteSwiftPackageReference "GoogleSignIn-iOS" */,
            );
            productRefGroup = 945DF252A92884BAB6F7C639 /* Products */;
            projectDirPath = "";
            projectRoot = "";
            targets = (
                38AA92CBB84FAE32E1301826 /* SmartTripPlanner */,
                EF20A4B24FF5DF9D2905C774 /* SmartTripPlannerTests */,
            );
        };
/* End PBXProject section */

/* Begin PBXResourcesBuildPhase section */
        DA6D01958E232FC14D0FEFF0 /* Resources */ = {
            isa = PBXResourcesBuildPhase;
            buildActionMask = 2147483647;
            files = (
                82CEAE0BEE140E15028BF466 /* Preview Assets.xcassets in Resources */,
                2CB3E3F1F4F7922E55239A00 /* Assets.xcassets in Resources */,
            );
            runOnlyForDeploymentPostprocessing = 0;
        };
        9626304193AB8B0568995147 /* Resources */ = {
            isa = PBXResourcesBuildPhase;
            buildActionMask = 2147483647;
            files = (
            );
            runOnlyForDeploymentPostprocessing = 0;
        };
/* End PBXResourcesBuildPhase section */

/* Begin PBXShellScriptBuildPhase section */
        7F4EF153DA935D37BAC8BCB2 /* Run SwiftLint */ = {
            isa = PBXShellScriptBuildPhase;
            alwaysOutOfDate = 1;
            buildActionMask = 2147483647;
            files = (
            );
            inputFileListPaths = (
            );
            inputPaths = (
            );
            name = "Run SwiftLint";
            outputFileListPaths = (
            );
            outputPaths = (
            );
            runOnlyForDeploymentPostprocessing = 0;
            shellPath = /bin/sh;
            shellScript = "if [[ \"$(uname -m)\" == arm64 ]]; then\n    export PATH=\"/opt/homebrew/bin:$PATH\"\nfi\n\nif which swiftlint > /dev/null; then\n  swiftlint\nelse\n  echo \"warning: SwiftLint not installed, download from https://github.com/realm/SwiftLint\"\nfi\n";
        };
        FA7759D8B215DD89213DE3FC /* Run SwiftFormat */ = {
            isa = PBXShellScriptBuildPhase;
            alwaysOutOfDate = 1;
            buildActionMask = 2147483647;
            files = (
            );
            inputFileListPaths = (
            );
            inputPaths = (
            );
            name = "Run SwiftFormat";
            outputFileListPaths = (
            );
            outputPaths = (
            );
            runOnlyForDeploymentPostprocessing = 0;
            shellPath = /bin/sh;
            shellScript = "if [[ \"$(uname -m)\" == arm64 ]]; then\n    export PATH=\"/opt/homebrew/bin:$PATH\"\nfi\n\nif which swiftformat > /dev/null; then\n  swiftformat . --swiftversion 5.9\nelse\n  echo \"warning: SwiftFormat not installed, download from https://github.com/nicklockwood/SwiftFormat\"\nfi\n";
        };
/* End PBXShellScriptBuildPhase section */

/* Begin PBXSourcesBuildPhase section */
        BBB00A6A3294EAFBBA00ACFA /* Sources */ = {
            isa = PBXSourcesBuildPhase;
            buildActionMask = 2147483647;
            files = (
                A5D05F4C494FC685074F8DA5 /* SmartTripPlannerApp.swift in Sources */,
                E697942F1EB3B91364ECE277 /* ContentView.swift in Sources */,
                9EA1CB71D9F6B0EB4AE81DAD /* DependencyContainer.swift in Sources */,
                0BCC540FF77F03DBF9D47551 /* AppEnvironment.swift in Sources */,
                FF27AD0BFC291111A2076065 /* NavigationCoordinator.swift in Sources */,
                68A5A6D9871D141E5A766D5B /* Theme.swift in Sources */,
                8D0CB851FB4080565F418FDE /* TripsView.swift in Sources */,
                4218F5A8D19B4357F360A12A /* PlannerView.swift in Sources */,
                6F4DBEE636FD00F950FEB133 /* MapView.swift in Sources */,
                8EA6B3F1907BCA82D6B16114 /* MapView+Components.swift in Sources */,
                F98CBD361BD05881578F646D /* MapViewSubviews.swift in Sources */,
                D8DBDB35EFA92A22C342DA24 /* MapViewModel.swift in Sources */,
                CE89381C3BEBC02676758DB2 /* PackingView.swift in Sources */,
                97A27F54B1A20EBF014DA3D9 /* DocsView.swift in Sources */,
                2AAEDE9B5A73C22A5559D5FA /* SettingsView.swift in Sources */,
                0492A6CE7A312FB927A6A549 /* WeatherService.swift in Sources */,
                9571D17EB89C2D8A29588A0B /* MapsService.swift in Sources */,
                2C8ADC6CB2FF04A20E5981C0 /* MapsModels.swift in Sources */,
                2E7F257D3917818B40561487 /* CalendarService.swift in Sources */,
                44C934853319F46919819976 /* EmailService.swift in Sources */,
                9A04BFA5D8759B029F435484 /* ExportService.swift in Sources */,
                48C3C569EB286F3F92D19E6D /* DocumentStore.swift in Sources */,
                D455FDA7D2F36427731D5A8B /* TravelReservationParser.swift in Sources */,
                2CE2B0D307262D6C90E4E1E3 /* SyncService.swift in Sources */,
                9BB16201276DA50E3EF251C6 /* AnalyticsService.swift in Sources */,
            );
            runOnlyForDeploymentPostprocessing = 0;
        };
        FB4C159B93C56EF6CEA42A31 /* Sources */ = {
            isa = PBXSourcesBuildPhase;
            buildActionMask = 2147483647;
            files = (
                CFAD27120324F6786F1776D9 /* SmartTripPlannerTests.swift in Sources */,
                FA27DC9EBA500C8EEF6A6F5A /* EmailServiceTests.swift in Sources */,
                8BDD914F86D5D9A6A15FBC47 /* DocumentStoreTests.swift in Sources */,
            );
            runOnlyForDeploymentPostprocessing = 0;
        };
/* End PBXSourcesBuildPhase section */

/* Begin PBXTargetDependency section */
        35487F17316236C7CF26B08C /* PBXTargetDependency */ = {
            isa = PBXTargetDependency;
            target = 38AA92CBB84FAE32E1301826 /* SmartTripPlanner */;
            targetProxy = 30D2EE6ACB61C06E1883ECC7 /* PBXContainerItemProxy */;
        };
/* End PBXTargetDependency section */

/* Begin XCBuildConfiguration section */
        5720F7B8C5A71D9C4812CDA9 /* Debug */ = {
            isa = XCBuildConfiguration;
            buildSettings = {
                ALWAYS_SEARCH_USER_PATHS = NO;
                ASSETCATALOG_COMPILER_GENERATE_SWIFT_ASSET_SYMBOL_EXTENSIONS = YES;
                CLANG_ANALYZER_NONNULL = YES;
                CLANG_ANALYZER_NUMBER_OBJECT_CONVERSION = YES_AGGRESSIVE;
                CLANG_CXX_LANGUAGE_STANDARD = "gnu++20";
                CLANG_ENABLE_MODULES = YES;
                CLANG_ENABLE_OBJC_ARC = YES;
                CLANG_ENABLE_OBJC_WEAK = YES;
                CLANG_WARN_BLOCK_CAPTURE_AUTORELEASING = YES;
                CLANG_WARN_BOOL_CONVERSION = YES;
                CLANG_WARN_COMMA = YES;
                CLANG_WARN_CONSTANT_CONVERSION = YES;
                CLANG_WARN_DEPRECATED_OBJC_IMPLEMENTATIONS = YES;
                CLANG_WARN_DIRECT_OBJC_ISA_USAGE = YES_ERROR;
                CLANG_WARN_DOCUMENTATION_COMMENTS = YES;
                CLANG_WARN_EMPTY_BODY = YES;
                CLANG_WARN_ENUM_CONVERSION = YES;
                CLANG_WARN_INFINITE_RECURSION = YES;
                CLANG_WARN_INT_CONVERSION = YES;
                CLANG_WARN_NON_LITERAL_NULL_CONVERSION = YES;
                CLANG_WARN_OBJC_IMPLICIT_RETAIN_SELF = YES;
                CLANG_WARN_OBJC_LITERAL_CONVERSION = YES;
                CLANG_WARN_OBJC_ROOT_CLASS = YES_ERROR;
                CLANG_WARN_QUOTED_INCLUDE_IN_FRAMEWORK_HEADER = YES;
                CLANG_WARN_RANGE_LOOP_ANALYSIS = YES;
                CLANG_WARN_STRICT_PROTOTYPES = YES;
                CLANG_WARN_SUSPICIOUS_MOVE = YES;
                CLANG_WARN_UNGUARDED_AVAILABILITY = YES_AGGRESSIVE;
                CLANG_WARN_UNREACHABLE_CODE = YES;
                CLANG_WARN__DUPLICATE_METHOD_MATCH = YES;
                COPY_PHASE_STRIP = NO;
                DEBUG_INFORMATION_FORMAT = dwarf;
                ENABLE_STRICT_OBJC_MSGSEND = YES;
                ENABLE_TESTABILITY = YES;
                ENABLE_USER_SCRIPT_SANDBOXING = YES;
                GCC_C_LANGUAGE_STANDARD = gnu17;
                GCC_DYNAMIC_NO_PIC = NO;
                GCC_NO_COMMON_BLOCKS = YES;
                GCC_OPTIMIZATION_LEVEL = 0;
                GCC_PREPROCESSOR_DEFINITIONS = (
                    "DEBUG=1",
                    "$(inherited)",
                );
                GCC_WARN_64_TO_32_BIT_CONVERSION = YES;
                GCC_WARN_ABOUT_RETURN_TYPE = YES_ERROR;
                GCC_WARN_UNDECLARED_SELECTOR = YES;
                GCC_WARN_UNINITIALIZED_AUTOS = YES_AGGRESSIVE;
                GCC_WARN_UNUSED_FUNCTION = YES;
                GCC_WARN_UNUSED_VARIABLE = YES;
                IPHONEOS_DEPLOYMENT_TARGET = 17.0;
                LOCALIZATION_PREFERS_STRING_CATALOGS = YES;
                MTL_ENABLE_DEBUG_INFO = INCLUDE_SOURCE;
                MTL_FAST_MATH = YES;
                ONLY_ACTIVE_ARCH = YES;
                SDKROOT = iphoneos;
                SWIFT_ACTIVE_COMPILATION_CONDITIONS = "DEBUG $(inherited)";
                SWIFT_OPTIMIZATION_LEVEL = "-Onone";
                SWIFT_VERSION = 5.9;
            };
            name = Debug;
        };
        EB6364B69883B804A209937C /* Release */ = {
            isa = XCBuildConfiguration;
            buildSettings = {
                ALWAYS_SEARCH_USER_PATHS = NO;
                ASSETCATALOG_COMPILER_GENERATE_SWIFT_ASSET_SYMBOL_EXTENSIONS = YES;
                CLANG_ANALYZER_NONNULL = YES;
                CLANG_ANALYZER_NUMBER_OBJECT_CONVERSION = YES_AGGRESSIVE;
                CLANG_CXX_LANGUAGE_STANDARD = "gnu++20";
                CLANG_ENABLE_MODULES = YES;
                CLANG_ENABLE_OBJC_ARC = YES;
                CLANG_ENABLE_OBJC_WEAK = YES;
                CLANG_WARN_BLOCK_CAPTURE_AUTORELEASING = YES;
                CLANG_WARN_BOOL_CONVERSION = YES;
                CLANG_WARN_COMMA = YES;
                CLANG_WARN_CONSTANT_CONVERSION = YES;
                CLANG_WARN_DEPRECATED_OBJC_IMPLEMENTATIONS = YES;
                CLANG_WARN_DIRECT_OBJC_ISA_USAGE = YES_ERROR;
                CLANG_WARN_DOCUMENTATION_COMMENTS = YES;
                CLANG_WARN_EMPTY_BODY = YES;
                CLANG_WARN_ENUM_CONVERSION = YES;
                CLANG_WARN_INFINITE_RECURSION = YES;
                CLANG_WARN_INT_CONVERSION = YES;
                CLANG_WARN_NON_LITERAL_NULL_CONVERSION = YES;
                CLANG_WARN_OBJC_IMPLICIT_RETAIN_SELF = YES;
                CLANG_WARN_OBJC_LITERAL_CONVERSION = YES;
                CLANG_WARN_OBJC_ROOT_CLASS = YES_ERROR;
                CLANG_WARN_QUOTED_INCLUDE_IN_FRAMEWORK_HEADER = YES;
                CLANG_WARN_RANGE_LOOP_ANALYSIS = YES;
                CLANG_WARN_STRICT_PROTOTYPES = YES;
                CLANG_WARN_SUSPICIOUS_MOVE = YES;
                CLANG_WARN_UNGUARDED_AVAILABILITY = YES_AGGRESSIVE;
                CLANG_WARN_UNREACHABLE_CODE = YES;
                CLANG_WARN__DUPLICATE_METHOD_MATCH = YES;
                COPY_PHASE_STRIP = NO;
                DEBUG_INFORMATION_FORMAT = "dwarf-with-dsym";
                ENABLE_NS_ASSERTIONS = NO;
                ENABLE_STRICT_OBJC_MSGSEND = YES;
                ENABLE_USER_SCRIPT_SANDBOXING = YES;
                GCC_C_LANGUAGE_STANDARD = gnu17;
                GCC_NO_COMMON_BLOCKS = YES;
                GCC_WARN_64_TO_32_BIT_CONVERSION = YES;
                GCC_WARN_ABOUT_RETURN_TYPE = YES_ERROR;
                GCC_WARN_UNDECLARED_SELECTOR = YES;
                GCC_WARN_UNINITIALIZED_AUTOS = YES_AGGRESSIVE;
                GCC_WARN_UNUSED_FUNCTION = YES;
                GCC_WARN_UNUSED_VARIABLE = YES;
                IPHONEOS_DEPLOYMENT_TARGET = 17.0;
                LOCALIZATION_PREFERS_STRING_CATALOGS = YES;
                MTL_ENABLE_DEBUG_INFO = NO;
                MTL_FAST_MATH = YES;
                SDKROOT = iphoneos;
                SWIFT_COMPILATION_MODE = wholemodule;
                SWIFT_VERSION = 5.9;
                VALIDATE_PRODUCT = YES;
            };
            name = Release;
        };
        7041F667B805795F01E1B28A /* Debug */ = {
            isa = XCBuildConfiguration;
            buildSettings = {
                ASSETCATALOG_COMPILER_APPICON_NAME = AppIcon;
                ASSETCATALOG_COMPILER_GLOBAL_ACCENT_COLOR_NAME = AccentColor;
                CODE_SIGN_ENTITLEMENTS = SmartTripPlanner/SmartTripPlanner.entitlements;
                CODE_SIGN_STYLE = Automatic;
                CURRENT_PROJECT_VERSION = 1;
                DEVELOPMENT_ASSET_PATHS = "\"SmartTripPlanner/Preview Content\"";
                DEVELOPMENT_TEAM = "";
                ENABLE_PREVIEWS = YES;
                ENABLE_USER_SCRIPT_SANDBOXING = NO;
                GENERATE_INFOPLIST_FILE = NO;
                INFOPLIST_FILE = SmartTripPlanner/Info.plist;
                INFOPLIST_KEY_NSCalendarsUsageDescription = "We need access to your calendar to help you plan trips and sync itinerary events.";
                INFOPLIST_KEY_NSLocationWhenInUseUsageDescription = "We need your location to provide location-based trip planning and navigation features.";
                INFOPLIST_KEY_NSPhotoLibraryAddUsageDescription = "We need permission to save trip photos and documents to your photo library.";
                INFOPLIST_KEY_UIApplicationSceneManifest_Generation = YES;
                INFOPLIST_KEY_UIApplicationSupportsIndirectInputEvents = YES;
                INFOPLIST_KEY_UILaunchScreen_Generation = YES;
                INFOPLIST_KEY_UISupportedInterfaceOrientations = "UIInterfaceOrientationPortrait UIInterfaceOrientationLandscapeLeft UIInterfaceOrientationLandscapeRight";
                INFOPLIST_KEY_UISupportedInterfaceOrientations_iPad = "UIInterfaceOrientationPortrait UIInterfaceOrientationPortraitUpsideDown UIInterfaceOrientationLandscapeLeft UIInterfaceOrientationLandscapeRight";
                IPHONEOS_DEPLOYMENT_TARGET = 17.0;
                LD_RUNPATH_SEARCH_PATHS = (
                    "$(inherited)",
                    "@executable_path/Frameworks",
                );
                MARKETING_VERSION = 1.0;
                PRODUCT_BUNDLE_IDENTIFIER = com.smarttripplanner.SmartTripPlanner;
                PRODUCT_NAME = "$(TARGET_NAME)";
                SUPPORTED_PLATFORMS = "iphoneos iphonesimulator";
                SUPPORTS_MACCATALYST = NO;
                SUPPORTS_MAC_DESIGNED_FOR_IPHONE_IPAD = NO;
                SWIFT_EMIT_LOC_STRINGS = YES;
                SWIFT_VERSION = 5.9;
                TARGETED_DEVICE_FAMILY = "1,2";
            };
            name = Debug;
        };
        8807A849F1814A9CB6BADFCE /* Release */ = {
            isa = XCBuildConfiguration;
            buildSettings = {
                ASSETCATALOG_COMPILER_APPICON_NAME = AppIcon;
                ASSETCATALOG_COMPILER_GLOBAL_ACCENT_COLOR_NAME = AccentColor;
                CODE_SIGN_ENTITLEMENTS = SmartTripPlanner/SmartTripPlanner.entitlements;
                CODE_SIGN_STYLE = Automatic;
                CURRENT_PROJECT_VERSION = 1;
                DEVELOPMENT_ASSET_PATHS = "\"SmartTripPlanner/Preview Content\"";
                DEVELOPMENT_TEAM = "";
                ENABLE_PREVIEWS = YES;
                ENABLE_USER_SCRIPT_SANDBOXING = NO;
                GENERATE_INFOPLIST_FILE = NO;
                INFOPLIST_FILE = SmartTripPlanner/Info.plist;
                INFOPLIST_KEY_NSCalendarsUsageDescription = "We need access to your calendar to help you plan trips and sync itinerary events.";
                INFOPLIST_KEY_NSLocationWhenInUseUsageDescription = "We need your location to provide location-based trip planning and navigation features.";
                INFOPLIST_KEY_NSPhotoLibraryAddUsageDescription = "We need permission to save trip photos and documents to your photo library.";
                INFOPLIST_KEY_UIApplicationSceneManifest_Generation = YES;
                INFOPLIST_KEY_UIApplicationSupportsIndirectInputEvents = YES;
                INFOPLIST_KEY_UILaunchScreen_Generation = YES;
                INFOPLIST_KEY_UISupportedInterfaceOrientations = "UIInterfaceOrientationPortrait UIInterfaceOrientationLandscapeLeft UIInterfaceOrientationLandscapeRight";
                INFOPLIST_KEY_UISupportedInterfaceOrientations_iPad = "UIInterfaceOrientationPortrait UIInterfaceOrientationPortraitUpsideDown UIInterfaceOrientationLandscapeLeft UIInterfaceOrientationLandscapeRight";
                IPHONEOS_DEPLOYMENT_TARGET = 17.0;
                LD_RUNPATH_SEARCH_PATHS = (
                    "$(inherited)",
                    "@executable_path/Frameworks",
                );
                MARKETING_VERSION = 1.0;
                PRODUCT_BUNDLE_IDENTIFIER = com.smarttripplanner.SmartTripPlanner;
                PRODUCT_NAME = "$(TARGET_NAME)";
                SUPPORTED_PLATFORMS = "iphoneos iphonesimulator";
                SUPPORTS_MACCATALYST = NO;
                SUPPORTS_MAC_DESIGNED_FOR_IPHONE_IPAD = NO;
                SWIFT_EMIT_LOC_STRINGS = YES;
                SWIFT_VERSION = 5.9;
                TARGETED_DEVICE_FAMILY = "1,2";
            };
            name = Release;
        };
        C92A8E9BF14D4D94A45D356D /* Debug */ = {
            isa = XCBuildConfiguration;
            buildSettings = {
                ALWAYS_EMBED_SWIFT_STANDARD_LIBRARIES = YES;
                BUNDLE_LOADER = "$(TEST_HOST)";
                CODE_SIGN_STYLE = Automatic;
                CURRENT_PROJECT_VERSION = 1;
                DEVELOPMENT_TEAM = "";
                GENERATE_INFOPLIST_FILE = YES;
                IPHONEOS_DEPLOYMENT_TARGET = 17.0;
                MARKETING_VERSION = 1.0;
                PRODUCT_BUNDLE_IDENTIFIER = com.smarttripplanner.SmartTripPlannerTests;
                PRODUCT_NAME = "$(TARGET_NAME)";
                SUPPORTED_PLATFORMS = "iphoneos iphonesimulator";
                SUPPORTS_MACCATALYST = NO;
                SUPPORTS_MAC_DESIGNED_FOR_IPHONE_IPAD = NO;
                SWIFT_EMIT_LOC_STRINGS = NO;
                SWIFT_VERSION = 5.9;
                TARGETED_DEVICE_FAMILY = "1,2";
                TEST_HOST = "$(BUILT_PRODUCTS_DIR)/SmartTripPlanner.app/$(BUNDLE_EXECUTABLE_FOLDER_PATH)/SmartTripPlanner";
            };
            name = Debug;
        };
        121362EB92634F31B77D38DC /* Release */ = {
            isa = XCBuildConfiguration;
            buildSettings = {
                ALWAYS_EMBED_SWIFT_STANDARD_LIBRARIES = YES;
                BUNDLE_LOADER = "$(TEST_HOST)";
                CODE_SIGN_STYLE = Automatic;
                CURRENT_PROJECT_VERSION = 1;
                DEVELOPMENT_TEAM = "";
                GENERATE_INFOPLIST_FILE = YES;
                IPHONEOS_DEPLOYMENT_TARGET = 17.0;
                MARKETING_VERSION = 1.0;
                PRODUCT_BUNDLE_IDENTIFIER = com.smarttripplanner.SmartTripPlannerTests;
                PRODUCT_NAME = "$(TARGET_NAME)";
                SUPPORTED_PLATFORMS = "iphoneos iphonesimulator";
                SUPPORTS_MACCATALYST = NO;
                SUPPORTS_MAC_DESIGNED_FOR_IPHONE_IPAD = NO;
                SWIFT_EMIT_LOC_STRINGS = NO;
                SWIFT_VERSION = 5.9;
                TARGETED_DEVICE_FAMILY = "1,2";
                TEST_HOST = "$(BUILT_PRODUCTS_DIR)/SmartTripPlanner.app/$(BUNDLE_EXECUTABLE_FOLDER_PATH)/SmartTripPlanner";
            };
            name = Release;
        };
/* End XCBuildConfiguration section */

/* Begin XCConfigurationList section */
        21A6826171626EF1ADA2E5BB /* Build configuration list for PBXNativeTarget "SmartTripPlanner" */ = {
            isa = XCConfigurationList;
            buildConfigurations = (
                7041F667B805795F01E1B28A /* Debug */,
                8807A849F1814A9CB6BADFCE /* Release */,
            );
            defaultConfigurationIsVisible = 0;
            defaultConfigurationName = Release;
        };
        11813C63915BB3335DFCC22F /* Build configuration list for PBXNativeTarget "SmartTripPlannerTests" */ = {
            isa = XCConfigurationList;
            buildConfigurations = (
                C92A8E9BF14D4D94A45D356D /* Debug */,
                121362EB92634F31B77D38DC /* Release */,
            );
            defaultConfigurationIsVisible = 0;
            defaultConfigurationName = Release;
        };
        2559428341587857DF7FB4C9 /* Build configuration list for PBXProject "SmartTripPlanner" */ = {
            isa = XCConfigurationList;
            buildConfigurations = (
                5720F7B8C5A71D9C4812CDA9 /* Debug */,
                EB6364B69883B804A209937C /* Release */,
            );
            defaultConfigurationIsVisible = 0;
            defaultConfigurationName = Release;
        };
/* End XCConfigurationList section */

/* Begin XCRemoteSwiftPackageReference section */
        4283CF12AF6EC1F84FB914A3 /* XCRemoteSwiftPackageReference "GoogleSignIn-iOS" */ = {
            isa = XCRemoteSwiftPackageReference;
            repositoryURL = "https://github.com/google/GoogleSignIn-iOS.git";
            requirement = {
                kind = upToNextMajorVersion;
                minimumVersion = 7.0.0;
            };
        };
/* End XCRemoteSwiftPackageReference section */

/* Begin XCSwiftPackageProductDependency section */
        A9D9AD2403C9DE46805328A1 /* GoogleSignIn */ = {
            isa = XCSwiftPackageProductDependency;
            package = 4283CF12AF6EC1F84FB914A3 /* XCRemoteSwiftPackageReference "GoogleSignIn-iOS" */;
            productName = GoogleSignIn;
        };
        AE70DBDA7672751D7B6A6439 /* GoogleSignInSwift */ = {
            isa = XCSwiftPackageProductDependency;
            package = 4283CF12AF6EC1F84FB914A3 /* XCRemoteSwiftPackageReference "GoogleSignIn-iOS" */;
            productName = GoogleSignInSwift;
        };
/* End XCSwiftPackageProductDependency section */
    };
    rootObject = 5AAFE7B564B768A5C964FD2D /* Project object */;
}
